
Microsoft Visual Studio Solution File, Format Version 12.00
# Visual Studio 15
VisualStudioVersion = 15.0.26124.0
MinimumVisualStudioVersion = 15.0.26124.0
Project("{FAE04EC0-301F-11D3-BF4B-00C04F79EFBC}") = "API", "API\API.csproj", "{6A361804-5825-48A7-98DF-29AD72149637}"
EndProject
Project("{FAE04EC0-301F-11D3-BF4B-00C04F79EFBC}") = "Application", "Application\Application.csproj", "{187D54ED-C816-4434-9B46-59E4D320D02B}"
EndProject
Project("{FAE04EC0-301F-11D3-BF4B-00C04F79EFBC}") = "Domain", "Domain\Domain.csproj", "{9F81E140-3EFC-4E42-BC62-C189879096C8}"
EndProject
Project("{FAE04EC0-301F-11D3-BF4B-00C04F79EFBC}") = "Persistence", "Persistence\Persistence.csproj", "{DDAE7D00-C442-484A-8A3A-C850A8EDAE1F}"
EndProject
Global
	GlobalSection(SolutionConfigurationPlatforms) = preSolution
		Debug|Any CPU = Debug|Any CPU
		Debug|x64 = Debug|x64
		Debug|x86 = Debug|x86
		Release|Any CPU = Release|Any CPU
		Release|x64 = Release|x64
		Release|x86 = Release|x86
	EndGlobalSection
	GlobalSection(SolutionProperties) = preSolution
		HideSolutionNode = FALSE
	EndGlobalSection
	GlobalSection(ProjectConfigurationPlatforms) = postSolution
		{6A361804-5825-48A7-98DF-29AD72149637}.Debug|Any CPU.ActiveCfg = Debug|Any CPU
		{6A361804-5825-48A7-98DF-29AD72149637}.Debug|Any CPU.Build.0 = Debug|Any CPU
		{6A361804-5825-48A7-98DF-29AD72149637}.Debug|x64.ActiveCfg = Debug|Any CPU
		{6A361804-5825-48A7-98DF-29AD72149637}.Debug|x64.Build.0 = Debug|Any CPU
		{6A361804-5825-48A7-98DF-29AD72149637}.Debug|x86.ActiveCfg = Debug|Any CPU
		{6A361804-5825-48A7-98DF-29AD72149637}.Debug|x86.Build.0 = Debug|Any CPU
		{6A361804-5825-48A7-98DF-29AD72149637}.Release|Any CPU.ActiveCfg = Release|Any CPU
		{6A361804-5825-48A7-98DF-29AD72149637}.Release|Any CPU.Build.0 = Release|Any CPU
		{6A361804-5825-48A7-98DF-29AD72149637}.Release|x64.ActiveCfg = Release|Any CPU
		{6A361804-5825-48A7-98DF-29AD72149637}.Release|x64.Build.0 = Release|Any CPU
		{6A361804-5825-48A7-98DF-29AD72149637}.Release|x86.ActiveCfg = Release|Any CPU
		{6A361804-5825-48A7-98DF-29AD72149637}.Release|x86.Build.0 = Release|Any CPU
		{187D54ED-C816-4434-9B46-59E4D320D02B}.Debug|Any CPU.ActiveCfg = Debug|Any CPU
		{187D54ED-C816-4434-9B46-59E4D320D02B}.Debug|Any CPU.Build.0 = Debug|Any CPU
		{187D54ED-C816-4434-9B46-59E4D320D02B}.Debug|x64.ActiveCfg = Debug|Any CPU
		{187D54ED-C816-4434-9B46-59E4D320D02B}.Debug|x64.Build.0 = Debug|Any CPU
		{187D54ED-C816-4434-9B46-59E4D320D02B}.Debug|x86.ActiveCfg = Debug|Any CPU
		{187D54ED-C816-4434-9B46-59E4D320D02B}.Debug|x86.Build.0 = Debug|Any CPU
		{187D54ED-C816-4434-9B46-59E4D320D02B}.Release|Any CPU.ActiveCfg = Release|Any CPU
		{187D54ED-C816-4434-9B46-59E4D320D02B}.Release|Any CPU.Build.0 = Release|Any CPU
		{187D54ED-C816-4434-9B46-59E4D320D02B}.Release|x64.ActiveCfg = Release|Any CPU
		{187D54ED-C816-4434-9B46-59E4D320D02B}.Release|x64.Build.0 = Release|Any CPU
		{187D54ED-C816-4434-9B46-59E4D320D02B}.Release|x86.ActiveCfg = Release|Any CPU
		{187D54ED-C816-4434-9B46-59E4D320D02B}.Release|x86.Build.0 = Release|Any CPU
		{9F81E140-3EFC-4E42-BC62-C189879096C8}.Debug|Any CPU.ActiveCfg = Debug|Any CPU
		{9F81E140-3EFC-4E42-BC62-C189879096C8}.Debug|Any CPU.Build.0 = Debug|Any CPU
		{9F81E140-3EFC-4E42-BC62-C189879096C8}.Debug|x64.ActiveCfg = Debug|Any CPU
		{9F81E140-3EFC-4E42-BC62-C189879096C8}.Debug|x64.Build.0 = Debug|Any CPU
		{9F81E140-3EFC-4E42-BC62-C189879096C8}.Debug|x86.ActiveCfg = Debug|Any CPU
		{9F81E140-3EFC-4E42-BC62-C189879096C8}.Debug|x86.Build.0 = Debug|Any CPU
		{9F81E140-3EFC-4E42-BC62-C189879096C8}.Release|Any CPU.ActiveCfg = Release|Any CPU
		{9F81E140-3EFC-4E42-BC62-C189879096C8}.Release|Any CPU.Build.0 = Release|Any CPU
		{9F81E140-3EFC-4E42-BC62-C189879096C8}.Release|x64.ActiveCfg = Release|Any CPU
		{9F81E140-3EFC-4E42-BC62-C189879096C8}.Release|x64.Build.0 = Release|Any CPU
		{9F81E140-3EFC-4E42-BC62-C189879096C8}.Release|x86.ActiveCfg = Release|Any CPU
		{9F81E140-3EFC-4E42-BC62-C189879096C8}.Release|x86.Build.0 = Release|Any CPU
		{DDAE7D00-C442-484A-8A3A-C850A8EDAE1F}.Debug|Any CPU.ActiveCfg = Debug|Any CPU
		{DDAE7D00-C442-484A-8A3A-C850A8EDAE1F}.Debug|Any CPU.Build.0 = Debug|Any CPU
		{DDAE7D00-C442-484A-8A3A-C850A8EDAE1F}.Debug|x64.ActiveCfg = Debug|Any CPU
		{DDAE7D00-C442-484A-8A3A-C850A8EDAE1F}.Debug|x64.Build.0 = Debug|Any CPU
		{DDAE7D00-C442-484A-8A3A-C850A8EDAE1F}.Debug|x86.ActiveCfg = Debug|Any CPU
		{DDAE7D00-C442-484A-8A3A-C850A8EDAE1F}.Debug|x86.Build.0 = Debug|Any CPU
		{DDAE7D00-C442-484A-8A3A-C850A8EDAE1F}.Release|Any CPU.ActiveCfg = Release|Any CPU
		{DDAE7D00-C442-484A-8A3A-C850A8EDAE1F}.Release|Any CPU.Build.0 = Release|Any CPU
		{DDAE7D00-C442-484A-8A3A-C850A8EDAE1F}.Release|x64.ActiveCfg = Release|Any CPU
		{DDAE7D00-C442-484A-8A3A-C850A8EDAE1F}.Release|x64.Build.0 = Release|Any CPU
		{DDAE7D00-C442-484A-8A3A-C850A8EDAE1F}.Release|x86.ActiveCfg = Release|Any CPU
		{DDAE7D00-C442-484A-8A3A-C850A8EDAE1F}.Release|x86.Build.0 = Release|Any CPU
	EndGlobalSection
EndGlobal
